
Microsoft Visual Studio Solution File, Format Version 12.00
Project("{FAE04EC0-301F-11D3-BF4B-00C04F79EFBC}") = "Exercicio04", "Exercicio04\Exercicio04.csproj", "{A85E5EB0-6F0E-4034-9480-313493B900C2}"
EndProject
Global
	GlobalSection(SolutionConfigurationPlatforms) = preSolution
		Debug|Any CPU = Debug|Any CPU
		Release|Any CPU = Release|Any CPU
	EndGlobalSection
	GlobalSection(ProjectConfigurationPlatforms) = postSolution
		{A85E5EB0-6F0E-4034-9480-313493B900C2}.Debug|Any CPU.ActiveCfg = Debug|Any CPU
		{A85E5EB0-6F0E-4034-9480-313493B900C2}.Debug|Any CPU.Build.0 = Debug|Any CPU
		{A85E5EB0-6F0E-4034-9480-313493B900C2}.Release|Any CPU.ActiveCfg = Release|Any CPU
		{A85E5EB0-6F0E-4034-9480-313493B900C2}.Release|Any CPU.Build.0 = Release|Any CPU
	EndGlobalSection
EndGlobal
