
Microsoft Visual Studio Solution File, Format Version 12.00
Project("{FAE04EC0-301F-11D3-BF4B-00C04F79EFBC}") = "Exercicio06", "Exercicio06\Exercicio06.csproj", "{AA2AE632-51B3-429E-9378-56E28CC91D8B}"
EndProject
Global
	GlobalSection(SolutionConfigurationPlatforms) = preSolution
		Debug|Any CPU = Debug|Any CPU
		Release|Any CPU = Release|Any CPU
	EndGlobalSection
	GlobalSection(ProjectConfigurationPlatforms) = postSolution
		{AA2AE632-51B3-429E-9378-56E28CC91D8B}.Debug|Any CPU.ActiveCfg = Debug|Any CPU
		{AA2AE632-51B3-429E-9378-56E28CC91D8B}.Debug|Any CPU.Build.0 = Debug|Any CPU
		{AA2AE632-51B3-429E-9378-56E28CC91D8B}.Release|Any CPU.ActiveCfg = Release|Any CPU
		{AA2AE632-51B3-429E-9378-56E28CC91D8B}.Release|Any CPU.Build.0 = Release|Any CPU
	EndGlobalSection
EndGlobal
